// !$*UTF8*$!
{
	archiveVersion = 1;
	classes = {
	};
	objectVersion = 46;
	objects = {

/* Begin PBXBuildFile section */
		50F5CDCA1CC0912F001B5BAF /* main.m in Sources */ = {isa = PBXBuildFile; fileRef = 50F5CDC91CC0912F001B5BAF /* main.m */; };
		50F5CDCD1CC0912F001B5BAF /* AppDelegate.m in Sources */ = {isa = PBXBuildFile; fileRef = 50F5CDCC1CC0912F001B5BAF /* AppDelegate.m */; };
		50F5CDD01CC0912F001B5BAF /* ViewController.m in Sources */ = {isa = PBXBuildFile; fileRef = 50F5CDCF1CC0912F001B5BAF /* ViewController.m */; };
		50F5CDD31CC0912F001B5BAF /* Main.storyboard in Resources */ = {isa = PBXBuildFile; fileRef = 50F5CDD11CC0912F001B5BAF /* Main.storyboard */; };
		50F5CDD51CC0912F001B5BAF /* Assets.xcassets in Resources */ = {isa = PBXBuildFile; fileRef = 50F5CDD41CC0912F001B5BAF /* Assets.xcassets */; };
		50F5CDD81CC0912F001B5BAF /* LaunchScreen.storyboard in Resources */ = {isa = PBXBuildFile; fileRef = 50F5CDD61CC0912F001B5BAF /* LaunchScreen.storyboard */; };
/* End PBXBuildFile section */

/* Begin PBXFileReference section */
		50F5CDC51CC0912F001B5BAF /* 输出字符串长度.app */ = {isa = PBXFileReference; explicitFileType = wrapper.application; includeInIndex = 0; path = "输出字符串长度.app"; sourceTree = BUILT_PRODUCTS_DIR; };
		50F5CDC91CC0912F001B5BAF /* main.m */ = {isa = PBXFileReference; lastKnownFileType = sourcecode.c.objc; path = main.m; sourceTree = "<group>"; };
		50F5CDCB1CC0912F001B5BAF /* AppDelegate.h */ = {isa = PBXFileReference; lastKnownFileType = sourcecode.c.h; path = AppDelegate.h; sourceTree = "<group>"; };
		50F5CDCC1CC0912F001B5BAF /* AppDelegate.m */ = {isa = PBXFileReference; lastKnownFileType = sourcecode.c.objc; path = AppDelegate.m; sourceTree = "<group>"; };
		50F5CDCE1CC0912F001B5BAF /* ViewController.h */ = {isa = PBXFileReference; lastKnownFileType = sourcecode.c.h; path = ViewController.h; sourceTree = "<group>"; };
		50F5CDCF1CC0912F001B5BAF /* ViewController.m */ = {isa = PBXFileReference; lastKnownFileType = sourcecode.c.objc; path = ViewController.m; sourceTree = "<group>"; };
		50F5CDD21CC0912F001B5BAF /* Base */ = {isa = PBXFileReference; lastKnownFileType = file.storyboard; name = Base; path = Base.lproj/Main.storyboard; sourceTree = "<group>"; };
		50F5CDD41CC0912F001B5BAF /* Assets.xcassets */ = {isa = PBXFileReference; lastKnownFileType = folder.assetcatalog; path = Assets.xcassets; sourceTree = "<group>"; };
		50F5CDD71CC0912F001B5BAF /* Base */ = {isa = PBXFileReference; lastKnownFileType = file.storyboard; name = Base; path = Base.lproj/LaunchScreen.storyboard; sourceTree = "<group>"; };
		50F5CDD91CC0912F001B5BAF /* Info.plist */ = {isa = PBXFileReference; lastKnownFileType = text.plist.xml; path = Info.plist; sourceTree = "<group>"; };
/* End PBXFileReference section */

/* Begin PBXFrameworksBuildPhase section */
		50F5CDC21CC0912F001B5BAF /* Frameworks */ = {
			isa = PBXFrameworksBuildPhase;
			buildActionMask = 2147483647;
			files = (
			);
			runOnlyForDeploymentPostprocessing = 0;
		};
/* End PBXFrameworksBuildPhase section */

/* Begin PBXGroup section */
		50F5CDBC1CC0912F001B5BAF = {
			isa = PBXGroup;
			children = (
				50F5CDC71CC0912F001B5BAF /* 输出字符串长度 */,
				50F5CDC61CC0912F001B5BAF /* Products */,
			);
			sourceTree = "<group>";
		};
		50F5CDC61CC0912F001B5BAF /* Products */ = {
			isa = PBXGroup;
			children = (
				50F5CDC51CC0912F001B5BAF /* 输出字符串长度.app */,
			);
			name = Products;
			sourceTree = "<group>";
		};
		50F5CDC71CC0912F001B5BAF /* 输出字符串长度 */ = {
			isa = PBXGroup;
			children = (
				50F5CDCB1CC0912F001B5BAF /* AppDelegate.h */,
				50F5CDCC1CC0912F001B5BAF /* AppDelegate.m */,
				50F5CDCE1CC0912F001B5BAF /* ViewController.h */,
				50F5CDCF1CC0912F001B5BAF /* ViewController.m */,
				50F5CDD11CC0912F001B5BAF /* Main.storyboard */,
				50F5CDD41CC0912F001B5BAF /* Assets.xcassets */,
				50F5CDD61CC0912F001B5BAF /* LaunchScreen.storyboard */,
				50F5CDD91CC0912F001B5BAF /* Info.plist */,
				50F5CDC81CC0912F001B5BAF /* Supporting Files */,
			);
			path = "输出字符串长度";
			sourceTree = "<group>";
		};
		50F5CDC81CC0912F001B5BAF /* Supporting Files */ = {
			isa = PBXGroup;
			children = (
				50F5CDC91CC0912F001B5BAF /* main.m */,
			);
			name = "Supporting Files";
			sourceTree = "<group>";
		};
/* End PBXGroup section */

/* Begin PBXNativeTarget section */
		50F5CDC41CC0912F001B5BAF /* 输出字符串长度 */ = {
			isa = PBXNativeTarget;
			buildConfigurationList = 50F5CDDC1CC0912F001B5BAF /* Build configuration list for PBXNativeTarget "输出字符串长度" */;
			buildPhases = (
				50F5CDC11CC0912F001B5BAF /* Sources */,
				50F5CDC21CC0912F001B5BAF /* Frameworks */,
				50F5CDC31CC0912F001B5BAF /* Resources */,
			);
			buildRules = (
			);
			dependencies = (
			);
			name = "输出字符串长度";
			productName = "输出字符串长度";
			productReference = 50F5CDC51CC0912F001B5BAF /* 输出字符串长度.app */;
			productType = "com.apple.product-type.application";
		};
/* End PBXNativeTarget section */

/* Begin PBXProject section */
		50F5CDBD1CC0912F001B5BAF /* Project object */ = {
			isa = PBXProject;
			attributes = {
				LastUpgradeCheck = 0710;
				ORGANIZATIONNAME = Happy;
				TargetAttributes = {
					50F5CDC41CC0912F001B5BAF = {
						CreatedOnToolsVersion = 7.1;
						DevelopmentTeam = V5BUBF7ER6;
					};
				};
			};
			buildConfigurationList = 50F5CDC01CC0912F001B5BAF /* Build configuration list for PBXProject "输出字符串长度" */;
			compatibilityVersion = "Xcode 3.2";
			developmentRegion = English;
			hasScannedForEncodings = 0;
			knownRegions = (
				en,
				Base,
			);
			mainGroup = 50F5CDBC1CC0912F001B5BAF;
			productRefGroup = 50F5CDC61CC0912F001B5BAF /* Products */;
			projectDirPath = "";
			projectRoot = "";
			targets = (
				50F5CDC41CC0912F001B5BAF /* 输出字符串长度 */,
			);
		};
/* End PBXProject section */

/* Begin PBXResourcesBuildPhase section */
		50F5CDC31CC0912F001B5BAF /* Resources */ = {
			isa = PBXResourcesBuildPhase;
			buildActionMask = 2147483647;
			files = (
				50F5CDD81CC0912F001B5BAF /* LaunchScreen.storyboard in Resources */,
				50F5CDD51CC0912F001B5BAF /* Assets.xcassets in Resources */,
				50F5CDD31CC0912F001B5BAF /* Main.storyboard in Resources */,
			);
			runOnlyForDeploymentPostprocessing = 0;
		};
/* End PBXResourcesBuildPhase section */

/* Begin PBXSourcesBuildPhase section */
		50F5CDC11CC0912F001B5BAF /* Sources */ = {
			isa = PBXSourcesBuildPhase;
			buildActionMask = 2147483647;
			files = (
				50F5CDD01CC0912F001B5BAF /* ViewController.m in Sources */,
				50F5CDCD1CC0912F001B5BAF /* AppDelegate.m in Sources */,
				50F5CDCA1CC0912F001B5BAF /* main.m in Sources */,
			);
			runOnlyForDeploymentPostprocessing = 0;
		};
/* End PBXSourcesBuildPhase section */

/* Begin PBXVariantGroup section */
		50F5CDD11CC0912F001B5BAF /* Main.storyboard */ = {
			isa = PBXVariantGroup;
			children = (
				50F5CDD21CC0912F001B5BAF /* Base */,
			);
			name = Main.storyboard;
			sourceTree = "<group>";
		};
		50F5CDD61CC0912F001B5BAF /* LaunchScreen.storyboard */ = {
			isa = PBXVariantGroup;
			children = (
				50F5CDD71CC0912F001B5BAF /* Base */,
			);
			name = LaunchScreen.storyboard;
			sourceTree = "<group>";
		};
/* End PBXVariantGroup section */

/* Begin XCBuildConfiguration section */
		50F5CDDA1CC0912F001B5BAF /* Debug */ = {
			isa = XCBuildConfiguration;
			buildSettings = {
				ALWAYS_SEARCH_USER_PATHS = NO;
				CLANG_CXX_LANGUAGE_STANDARD = "gnu++0x";
				CLANG_CXX_LIBRARY = "libc++";
				CLANG_ENABLE_MODULES = YES;
				CLANG_ENABLE_OBJC_ARC = YES;
				CLANG_WARN_BOOL_CONVERSION = YES;
				CLANG_WARN_CONSTANT_CONVERSION = YES;
				CLANG_WARN_DIRECT_OBJC_ISA_USAGE = YES_ERROR;
				CLANG_WARN_EMPTY_BODY = YES;
				CLANG_WARN_ENUM_CONVERSION = YES;
				CLANG_WARN_INT_CONVERSION = YES;
				CLANG_WARN_OBJC_ROOT_CLASS = YES_ERROR;
				CLANG_WARN_UNREACHABLE_CODE = YES;
				CLANG_WARN__DUPLICATE_METHOD_MATCH = YES;
				"CODE_SIGN_IDENTITY[sdk=iphoneos*]" = "iPhone Developer";
				COPY_PHASE_STRIP = NO;
				DEBUG_INFORMATION_FORMAT = dwarf;
				ENABLE_STRICT_OBJC_MSGSEND = YES;
				ENABLE_TESTABILITY = YES;
				GCC_C_LANGUAGE_STANDARD = gnu99;
				GCC_DYNAMIC_NO_PIC = NO;
				GCC_NO_COMMON_BLOCKS = YES;
				GCC_OPTIMIZATION_LEVEL = 0;
				GCC_PREPROCESSOR_DEFINITIONS = (
					"DEBUG=1",
					"$(inherited)",
				);
				GCC_WARN_64_TO_32_BIT_CONVERSION = YES;
				GCC_WARN_ABOUT_RETURN_TYPE = YES_ERROR;
				GCC_WARN_UNDECLARED_SELECTOR = YES;
				GCC_WARN_UNINITIALIZED_AUTOS = YES_AGGRESSIVE;
				GCC_WARN_UNUSED_FUNCTION = YES;
				GCC_WARN_UNUSED_VARIABLE = YES;
				IPHONEOS_DEPLOYMENT_TARGET = 9.1;
				MTL_ENABLE_DEBUG_INFO = YES;
				ONLY_ACTIVE_ARCH = YES;
				SDKROOT = iphoneos;
			};
			name = Debug;
		};
		50F5CDDB1CC0912F001B5BAF /* Release */ = {
			isa = XCBuildConfiguration;
			buildSettings = {
				ALWAYS_SEARCH_USER_PATHS = NO;
				CLANG_CXX_LANGUAGE_STANDARD = "gnu++0x";
				CLANG_CXX_LIBRARY = "libc++";
				CLANG_ENABLE_MODULES = YES;
				CLANG_ENABLE_OBJC_ARC = YES;
				CLANG_WARN_BOOL_CONVERSION = YES;
				CLANG_WARN_CONSTANT_CONVERSION = YES;
				CLANG_WARN_DIRECT_OBJC_ISA_USAGE = YES_ERROR;
				CLANG_WARN_EMPTY_BODY = YES;
				CLANG_WARN_ENUM_CONVERSION = YES;
				CLANG_WARN_INT_CONVERSION = YES;
				CLANG_WARN_OBJC_ROOT_CLASS = YES_ERROR;
				CLANG_WARN_UNREACHABLE_CODE = YES;
				CLANG_WARN__DUPLICATE_METHOD_MATCH = YES;
				"CODE_SIGN_IDENTITY[sdk=iphoneos*]" = "iPhone Developer";
				COPY_PHASE_STRIP = NO;
				DEBUG_INFORMATION_FORMAT = "dwarf-with-dsym";
				ENABLE_NS_ASSERTIONS = NO;
				ENABLE_STRICT_OBJC_MSGSEND = YES;
				GCC_C_LANGUAGE_STANDARD = gnu99;
				GCC_NO_COMMON_BLOCKS = YES;
				GCC_WARN_64_TO_32_BIT_CONVERSION = YES;
				GCC_WARN_ABOUT_RETURN_TYPE = YES_ERROR;
				GCC_WARN_UNDECLARED_SELECTOR = YES;
				GCC_WARN_UNINITIALIZED_AUTOS = YES_AGGRESSIVE;
				GCC_WARN_UNUSED_FUNCTION = YES;
				GCC_WARN_UNUSED_VARIABLE = YES;
				IPHONEOS_DEPLOYMENT_TARGET = 9.1;
				MTL_ENABLE_DEBUG_INFO = NO;
				SDKROOT = iphoneos;
				VALIDATE_PRODUCT = YES;
			};
			name = Release;
		};
		50F5CDDD1CC0912F001B5BAF /* Debug */ = {
			isa = XCBuildConfiguration;
			buildSettings = {
				ASSETCATALOG_COMPILER_APPICON_NAME = AppIcon;
				INFOPLIST_FILE = "输出字符串长度/Info.plist";
				LD_RUNPATH_SEARCH_PATHS = "$(inherited) @executable_path/Frameworks";
				PRODUCT_BUNDLE_IDENTIFIER = "WeiRuanITSchool.-------";
				PRODUCT_NAME = "$(TARGET_NAME)";
			};
			name = Debug;
		};
		50F5CDDE1CC0912F001B5BAF /* Release */ = {
			isa = XCBuildConfiguration;
			buildSettings = {
				ASSETCATALOG_COMPILER_APPICON_NAME = AppIcon;
				INFOPLIST_FILE = "输出字符串长度/Info.plist";
				LD_RUNPATH_SEARCH_PATHS = "$(inherited) @executable_path/Frameworks";
				PRODUCT_BUNDLE_IDENTIFIER = "WeiRuanITSchool.-------";
				PRODUCT_NAME = "$(TARGET_NAME)";
			};
			name = Release;
		};
/* End XCBuildConfiguration section */

/* Begin XCConfigurationList section */
		50F5CDC01CC0912F001B5BAF /* Build configuration list for PBXProject "输出字符串长度" */ = {
			isa = XCConfigurationList;
			buildConfigurations = (
				50F5CDDA1CC0912F001B5BAF /* Debug */,
				50F5CDDB1CC0912F001B5BAF /* Release */,
			);
			defaultConfigurationIsVisible = 0;
			defaultConfigurationName = Release;
		};
		50F5CDDC1CC0912F001B5BAF /* Build configuration list for PBXNativeTarget "输出字符串长度" */ = {
			isa = XCConfigurationList;
			buildConfigurations = (
				50F5CDDD1CC0912F001B5BAF /* Debug */,
				50F5CDDE1CC0912F001B5BAF /* Release */,
			);
			defaultConfigurationIsVisible = 0;
		};
/* End XCConfigurationList section */
	};
	rootObject = 50F5CDBD1CC0912F001B5BAF /* Project object */;
}
